<?xml version="1.0" encoding="utf-8"?>
<Project ToolsVersion="4.0" xmlns="http://schemas.microsoft.com/developer/msbuild/2003">
  <ItemGroup>
    <Filter Include="Source Files">
      <UniqueIdentifier>{4FC737F1-C7A5-4376-A066-2A32D752A2FF}</UniqueIdentifier>
      <Extensions>cpp;c;cc;cxx;def;odl;idl;hpj;bat;asm;asmx</Extensions>
    </Filter>
    <Filter Include="Header Files">
      <UniqueIdentifier>{93995380-89BD-4b04-88EB-625FBE52EBFB}</UniqueIdentifier>
      <Extensions>h;hh;hpp;hxx;hm;inl;inc;xsd</Extensions>
    </Filter>
    <Filter Include="Resource Files">
      <UniqueIdentifier>{67DA6AB6-F800-4c08-8B7A-83BB121AAD01}</UniqueIdentifier>
      <Extensions>rc;ico;cur;bmp;dlg;rc2;rct;bin;rgs;gif;jpg;jpeg;jpe;resx;tiff;tif;png;wav;mfcribbon-ms</Extensions>
    </Filter>
    <Filter Include="lib">
      <UniqueIdentifier>{20f2bfb6-7696-427c-ac9f-42b9b094e715}</UniqueIdentifier>
    </Filter>
    <Filter Include="lib\lz4">
      <UniqueIdentifier>{3c729c5d-7b14-4189-963b-97c56f836270}</UniqueIdentifier>
    </Filter>
    <Filter Include="lib\hidapi">
      <UniqueIdentifier>{3759e0de-6f2b-4065-8655-65820ef6657b}</UniqueIdentifier>
    </Filter>
    <Filter Include="lib\fdsemu">
      <UniqueIdentifier>{42bdb4f6-7296-4581-8a73-5f9cfd2cd249}</UniqueIdentifier>
    </Filter>
  </ItemGroup>
  <ItemGroup>
    <ClCompile Include="..\..\lib\fdsemu\Device.cpp">
      <Filter>lib\fdsemu</Filter>
    </ClCompile>
    <ClCompile Include="..\..\lib\fdsemu\Flash.cpp">
      <Filter>lib\fdsemu</Filter>
    </ClCompile>
    <ClCompile Include="..\..\lib\fdsemu\FlashUtil.cpp">
      <Filter>lib\fdsemu</Filter>
    </ClCompile>
    <ClCompile Include="..\..\lib\fdsemu\Sram.cpp">
      <Filter>lib\fdsemu</Filter>
    </ClCompile>
    <ClCompile Include="..\..\lib\fdsemu\System.cpp">
      <Filter>lib\fdsemu</Filter>
    </ClCompile>
    <ClCompile Include="..\..\lib\lz4\lz4.c">
      <Filter>lib\lz4</Filter>
    </ClCompile>
    <ClCompile Include="..\..\lib\lz4\lz4frame.c">
      <Filter>lib\lz4</Filter>
    </ClCompile>
    <ClCompile Include="..\..\lib\lz4\lz4hc.c">
      <Filter>lib\lz4</Filter>
    </ClCompile>
    <ClCompile Include="..\..\lib\lz4\xxhash.c">
      <Filter>lib\lz4</Filter>
    </ClCompile>
    <ClCompile Include="..\..\lib\hidapi\windows\hid.c">
      <Filter>lib\hidapi</Filter>
    </ClCompile>
    <ClCompile Include="..\main.cpp">
      <Filter>Source Files</Filter>
    </ClCompile>
    <ClCompile Include="..\..\lib\crc32.cpp">
      <Filter>lib</Filter>
    </ClCompile>
    <ClCompile Include="..\..\lib\firmware.cpp">
      <Filter>lib</Filter>
    </ClCompile>
    <ClCompile Include="..\..\lib\bootloader.cpp">
      <Filter>lib</Filter>
    </ClCompile>
    <ClCompile Include="..\diskutil.cpp">
      <Filter>Source Files</Filter>
    </ClCompile>
    <ClCompile Include="..\diskrw.cpp">
      <Filter>Source Files</Filter>
    </ClCompile>
    <ClCompile Include="..\flashrw.cpp">
      <Filter>Source Files</Filter>
    </ClCompile>
    <ClCompile Include="..\fwupdate.cpp">
      <Filter>Source Files</Filter>
    </ClCompile>
  </ItemGroup>
  <ItemGroup>
    <ClInclude Include="..\..\lib\fdsemu\Device.h">
      <Filter>lib\fdsemu</Filter>
    </ClInclude>
    <ClInclude Include="..\..\lib\fdsemu\Flash.h">
      <Filter>lib\fdsemu</Filter>
    </ClInclude>
    <ClInclude Include="..\..\lib\fdsemu\FlashUtil.h">
      <Filter>lib\fdsemu</Filter>
    </ClInclude>
    <ClInclude Include="..\..\lib\fdsemu\Sram.h">
      <Filter>lib\fdsemu</Filter>
    </ClInclude>
    <ClInclude Include="..\..\lib\fdsemu\System.h">
      <Filter>lib\fdsemu</Filter>
    </ClInclude>
    <ClInclude Include="..\..\lib\lz4\lz4.h">
      <Filter>lib\lz4</Filter>
    </ClInclude>
    <ClInclude Include="..\..\lib\lz4\lz4frame.h">
      <Filter>lib\lz4</Filter>
    </ClInclude>
    <ClInclude Include="..\..\lib\lz4\lz4frame_static.h">
      <Filter>lib\lz4</Filter>
    </ClInclude>
    <ClInclude Include="..\..\lib\lz4\lz4hc.h">
      <Filter>lib\lz4</Filter>
    </ClInclude>
    <ClInclude Include="..\..\lib\lz4\xxhash.h">
      <Filter>lib\lz4</Filter>
    </ClInclude>
    <ClInclude Include="..\..\lib\hidapi\hidapi\hidapi.h">
      <Filter>lib\hidapi</Filter>
    </ClInclude>
    <ClInclude Include="..\build.h">
      <Filter>Header Files</Filter>
    </ClInclude>
    <ClInclude Include="..\version.h">
      <Filter>Header Files</Filter>
    </ClInclude>
    <ClInclude Include="..\..\lib\crc32.h">
      <Filter>lib</Filter>
    </ClInclude>
    <ClInclude Include="..\diskrw.h">
      <Filter>Header Files</Filter>
    </ClInclude>
    <ClInclude Include="..\diskutil.h">
      <Filter>Header Files</Filter>
    </ClInclude>
    <ClInclude Include="..\flashrw.h">
      <Filter>Header Files</Filter>
    </ClInclude>
    <ClInclude Include="..\main.h">
      <Filter>Header Files</Filter>
    </ClInclude>
    <ClInclude Include="..\fwupdate.h">
      <Filter>Header Files</Filter>
    </ClInclude>
  </ItemGroup>
</Project>